
Microsoft Visual Studio Solution File, Format Version 12.00
# Visual Studio Version 16
VisualStudioVersion = 16.0.31205.134
MinimumVisualStudioVersion = 10.0.40219.1
Project("{FAE04EC0-301F-11D3-BF4B-00C04F79EFBC}") = "Proyect_Gym_Plus", "Proyect_Gym_Plus\Proyect_Gym_Plus.csproj", "{EB8493A2-E6ED-4DF5-AC92-CD631963AB60}"
EndProject
Global
	GlobalSection(SolutionConfigurationPlatforms) = preSolution
		Debug|Any CPU = Debug|Any CPU
		Release|Any CPU = Release|Any CPU
	EndGlobalSection
	GlobalSection(ProjectConfigurationPlatforms) = postSolution
		{EB8493A2-E6ED-4DF5-AC92-CD631963AB60}.Debug|Any CPU.ActiveCfg = Debug|Any CPU
		{EB8493A2-E6ED-4DF5-AC92-CD631963AB60}.Debug|Any CPU.Build.0 = Debug|Any CPU
		{EB8493A2-E6ED-4DF5-AC92-CD631963AB60}.Release|Any CPU.ActiveCfg = Release|Any CPU
		{EB8493A2-E6ED-4DF5-AC92-CD631963AB60}.Release|Any CPU.Build.0 = Release|Any CPU
	EndGlobalSection
	GlobalSection(SolutionProperties) = preSolution
		HideSolutionNode = FALSE
	EndGlobalSection
	GlobalSection(ExtensibilityGlobals) = postSolution
		SolutionGuid = {2BBA2ED3-6E43-446E-9D0B-3D7F06B2B534}
	EndGlobalSection
EndGlobal
